{
  "name": "iteration-03",
  "lockfileVersion": 3,
  "requires": true,
  "packages": {
    "": {
      "dependencies": {
        "@ruvector/ruqu": "0.2.0",
        "@ruvector/wasm": "0.1.31"
      }
    },
    "node_modules/@metaharness/host-claude-code": {
      "version": "0.1.2",
      "resolved": "https://registry.npmjs.org/@metaharness/host-claude-code/-/host-claude-code-0.1.2.tgz",
      "integrity": "sha512-bKSPNfsgiC8iCTB6s+b5KeWrHgnAtxq04HbUudZuy4ixsSJ2AOrucSLzXuOSD4FHJJ6a1DD1/FsfGjiad8aa5Q==",
      "license": "MIT",
      "dependencies": {
        "@metaharness/kernel": "^0.1.0"
      },
      "engines": {
        "node": ">=20.0.0"
      }
    },
    "node_modules/@metaharness/kernel": {
      "version": "0.1.3",
      "resolved": "https://registry.npmjs.org/@metaharness/kernel/-/kernel-0.1.3.tgz",
      "integrity": "sha512-Xf0yYUY209KZaGhOiT4qNIbRc62Q4hrXGqUsuTV8uBNoXvysICujjB3VTTRM7NmQ9B8l/KIboCkIXIjy2g6Ofw==",
      "license": "MIT",
      "dependencies": {
        "@ruvector/emergent-time": "^0.1.0"
      },
      "engines": {
        "node": ">=20.0.0"
      },
      "optionalDependencies": {
        "@metaharness/kernel-darwin-arm64": "0.1.0",
        "@metaharness/kernel-darwin-x64": "0.1.0",
        "@metaharness/kernel-linux-arm64-gnu": "0.1.0",
        "@metaharness/kernel-linux-x64-gnu": "0.1.0",
        "@metaharness/kernel-win32-x64-msvc": "0.1.0"
      },
      "peerDependencies": {
        "@ruvector/rvf": "^0.2.0"
      },
      "peerDependenciesMeta": {
        "@ruvector/rvf": {
          "optional": true
        }
      }
    },
    "node_modules/@metaharness/kernel/node_modules/@metaharness/kernel-darwin-arm64": {
      "optional": true
    },
    "node_modules/@metaharness/kernel/node_modules/@metaharness/kernel-darwin-x64": {
      "optional": true
    },
    "node_modules/@metaharness/kernel/node_modules/@metaharness/kernel-linux-arm64-gnu": {
      "optional": true
    },
    "node_modules/@metaharness/kernel/node_modules/@metaharness/kernel-linux-x64-gnu": {
      "optional": true
    },
    "node_modules/@metaharness/kernel/node_modules/@metaharness/kernel-win32-x64-msvc": {
      "optional": true
    },
    "node_modules/@ruvector/emergent-time": {
      "version": "0.1.0",
      "resolved": "https://registry.npmjs.org/@ruvector/emergent-time/-/emergent-time-0.1.0.tgz",
      "integrity": "sha512-GNy6SSvp44xgWREezVLbnY5F41Wa4AF7hFeE2drYh5MOon+RwxymfNlsjBoAL+osZj44DigPN1lD/yBcv8J8Dg==",
      "license": "MIT"
    },
    "node_modules/@ruvector/ruqu": {
      "version": "0.2.0",
      "resolved": "https://registry.npmjs.org/@ruvector/ruqu/-/ruqu-0.2.0.tgz",
      "integrity": "sha512-4k8vUBFjpsMiTuu0V2xbs+pCwS2xg3rkIWcns5Jw8Kb+/8eb2MNdClF9Hy7WOde3VaLQ3d5lq/s69TdM4nysNg==",
      "license": "MIT",
      "dependencies": {
        "@metaharness/host-claude-code": "^0.1.0",
        "@metaharness/kernel": "^0.1.0"
      },
      "bin": {
        "ruqu": "bin/cli.js"
      },
      "engines": {
        "node": ">=20.0.0"
      }
    },
    "node_modules/@ruvector/wasm": {
      "version": "0.1.31",
      "resolved": "https://registry.npmjs.org/@ruvector/wasm/-/wasm-0.1.31.tgz",
      "integrity": "sha512-Et8U8iVUNGeLNcc3OLJLpXVI0fCW0wGgWGAm1X1qYyxP6n+KeBGBEvG2SBU9BQgs7PVHd534zDa9FIJ8ZvTdoA==",
      "license": "MIT"
    }
  }
}
