{
  "name": "iteration-04",
  "lockfileVersion": 3,
  "requires": true,
  "packages": {
    "": {
      "devDependencies": {
        "@metaharness/darwin": "0.10.2"
      }
    },
    "node_modules/@metaharness/darwin": {
      "version": "0.10.2",
      "resolved": "https://registry.npmjs.org/@metaharness/darwin/-/darwin-0.10.2.tgz",
      "integrity": "sha512-Glczy9YJDLf5x4HlfVuQVbZuPuue45K+8ohfLixZPJ18oc0Q8RR+BcsopHUQsL4hBkvs3YPXUyZ16piDJQp4gw==",
      "dev": true,
      "license": "MIT",
      "bin": {
        "metaharness-darwin": "dist/cli.js"
      },
      "engines": {
        "node": ">=20.0.0"
      }
    }
  }
}
